# This file is automatically @generated by Cargo.
# It is not intended for manual editing.
version = 4

[[package]]
name = "args"
version = "0.1.0"
dependencies = [
 "kumo-abi",
 "kumo-rt",
]

[[package]]
name = "cat"
version = "0.1.0"
dependencies = [
 "kumo-abi",
 "kumo-rt",
]

[[package]]
name = "drv-blk"
version = "0.1.0"
dependencies = [
 "kumo-abi",
 "kumo-rt",
]

[[package]]
name = "drv-fb"
version = "0.1.0"
dependencies = [
 "kumo-abi",
 "kumo-rt",
]

[[package]]
name = "drv-i2c-hid"
version = "0.1.0"
dependencies = [
 "kumo-abi",
 "kumo-hid",
 "kumo-i2c-hid",
 "kumo-rt",
]

[[package]]
name = "drv-serial"
version = "0.1.0"
dependencies = [
 "kumo-abi",
 "kumo-ipc",
 "kumo-rt",
]

[[package]]
name = "fatfs"
version = "0.1.0"
dependencies = [
 "kumo-fatfs",
 "kumo-vfs",
]

[[package]]
name = "hello"
version = "0.1.0"
dependencies = [
 "kumo-abi",
 "kumo-rt",
]

[[package]]
name = "imager"
version = "0.1.0"
dependencies = [
 "kumo-abi",
]

[[package]]
name = "kernel"
version = "0.1.0"
dependencies = [
 "kumo-abi",
 "kumo-hal",
 "kumo-ipc",
 "linked_list_allocator",
 "niji-loader",
]

[[package]]
name = "kumo-abi"
version = "0.1.0"

[[package]]
name = "kumo-fatfs"
version = "0.1.0"

[[package]]
name = "kumo-hal"
version = "0.1.0"
dependencies = [
 "kumo-hal-aarch64",
 "kumo-hal-x86_64",
]

[[package]]
name = "kumo-hal-aarch64"
version = "0.1.0"
dependencies = [
 "kumo-pdc",
 "qrcodegen",
]

[[package]]
name = "kumo-hal-x86_64"
version = "0.1.0"

[[package]]
name = "kumo-hid"
version = "0.1.0"

[[package]]
name = "kumo-i2c-hid"
version = "0.1.0"

[[package]]
name = "kumo-ipc"
version = "0.1.0"
dependencies = [
 "kumo-abi",
]

[[package]]
name = "kumo-pdc"
version = "0.1.0"

[[package]]
name = "kumo-rt"
version = "0.1.0"
dependencies = [
 "kumo-abi",
 "kumo-ipc",
 "linked_list_allocator",
]

[[package]]
name = "kumo-stage-a-smoke"
version = "0.1.0"
dependencies = [
 "kernel",
 "kumo-abi",
 "niji-loader",
]

[[package]]
name = "kumo-vfs"
version = "0.1.0"

[[package]]
name = "kumo-xhci"
version = "0.1.0"

[[package]]
name = "kumoza"
version = "0.1.0"

[[package]]
name = "linked_list_allocator"
version = "0.10.6"
source = "registry+https://github.com/rust-lang/crates.io-index"
checksum = "2b23ac50abb8261cb38c6e2a7192d3302e0836dac1628f6a93b82b4fad185897"
dependencies = [
 "spinning_top",
]

[[package]]
name = "lock_api"
version = "0.4.14"
source = "registry+https://github.com/rust-lang/crates.io-index"
checksum = "224399e74b87b5f3557511d98dff8b14089b3dadafcab6bb93eab67d3aace965"
dependencies = [
 "scopeguard",
]

[[package]]
name = "ls"
version = "0.1.0"
dependencies = [
 "kumo-abi",
 "kumo-rt",
]

[[package]]
name = "lua-repl"
version = "0.1.0"
dependencies = [
 "kumo-abi",
 "kumo-rt",
]

[[package]]
name = "niji-loader"
version = "0.1.0"
dependencies = [
 "kumo-abi",
]

[[package]]
name = "niji-uefi"
version = "0.1.0"
dependencies = [
 "kumo-abi",
 "niji-loader",
]

[[package]]
name = "persona-linux"
version = "0.1.0"

[[package]]
name = "persona-posix"
version = "0.1.0"
dependencies = [
 "ttyd",
]

[[package]]
name = "qrcodegen"
version = "1.8.0"

[[package]]
name = "scopeguard"
version = "1.2.0"
source = "registry+https://github.com/rust-lang/crates.io-index"
checksum = "94143f37725109f92c262ed2cf5e59bce7498c01bcc1502d7b9afe439a4e9f49"

[[package]]
name = "sora"
version = "0.1.0"
dependencies = [
 "drv-blk",
 "drv-i2c-hid",
 "kumo-abi",
 "kumo-fatfs",
 "kumo-i2c-hid",
 "kumo-ipc",
 "kumo-rt",
 "kumoza",
 "linked_list_allocator",
 "persona-linux",
 "persona-posix",
 "svc-health",
 "ttyd",
]

[[package]]
name = "spinning_top"
version = "0.2.5"
source = "registry+https://github.com/rust-lang/crates.io-index"
checksum = "5b9eb1a2f4c41445a3a0ff9abc5221c5fcd28e1f13cd7c0397706f9ac938ddb0"
dependencies = [
 "lock_api",
]

[[package]]
name = "svc-health"
version = "0.1.0"
dependencies = [
 "kumo-abi",
 "kumo-rt",
]

[[package]]
name = "ttyd"
version = "0.1.0"
dependencies = [
 "kumo-abi",
 "kumo-rt",
]

[[package]]
name = "wc"
version = "0.1.0"
dependencies = [
 "kumo-abi",
 "kumo-rt",
]

[[package]]
name = "xtask"
version = "0.1.0"
dependencies = [
 "imager",
 "kumo-abi",
 "kumo-fatfs",
]
